// !$*UTF8*$!
{
	archiveVersion = 1;
	classes = {
	};
	objectVersion = 48;
	objects = {

/* Begin PBXBuildFile section */
		FB8DC3602059792400A67A85 /* AppDelegate.swift in Sources */ = {isa = PBXBuildFile; fileRef = FB8DC35F2059792400A67A85 /* AppDelegate.swift */; };
		FB8DC3652059792400A67A85 /* Main.storyboard in Resources */ = {isa = PBXBuildFile; fileRef = FB8DC3632059792400A67A85 /* Main.storyboard */; };
		FB8DC3672059792400A67A85 /* Assets.xcassets in Resources */ = {isa = PBXBuildFile; fileRef = FB8DC3662059792400A67A85 /* Assets.xcassets */; };
		FB8DC36A2059792400A67A85 /* LaunchScreen.storyboard in Resources */ = {isa = PBXBuildFile; fileRef = FB8DC3682059792400A67A85 /* LaunchScreen.storyboard */; };
		FB8DC3772059B24700A67A85 /* ViewController.swift in Sources */ = {isa = PBXBuildFile; fileRef = FB8DC3752059B24600A67A85 /* ViewController.swift */; };
		FB8DC3782059B24700A67A85 /* MapViewController.swift in Sources */ = {isa = PBXBuildFile; fileRef = FB8DC3762059B24600A67A85 /* MapViewController.swift */; };
/* End PBXBuildFile section */

/* Begin PBXFileReference section */
		FB8DC35C2059792400A67A85 /* GeoCode.app */ = {isa = PBXFileReference; explicitFileType = wrapper.application; includeInIndex = 0; path = GeoCode.app; sourceTree = BUILT_PRODUCTS_DIR; };
		FB8DC35F2059792400A67A85 /* AppDelegate.swift */ = {isa = PBXFileReference; lastKnownFileType = sourcecode.swift; path = AppDelegate.swift; sourceTree = "<group>"; };
		FB8DC3642059792400A67A85 /* Base */ = {isa = PBXFileReference; lastKnownFileType = file.storyboard; name = Base; path = Base.lproj/Main.storyboard; sourceTree = "<group>"; };
		FB8DC3662059792400A67A85 /* Assets.xcassets */ = {isa = PBXFileReference; lastKnownFileType = folder.assetcatalog; path = Assets.xcassets; sourceTree = "<group>"; };
		FB8DC3692059792400A67A85 /* Base */ = {isa = PBXFileReference; lastKnownFileType = file.storyboard; name = Base; path = Base.lproj/LaunchScreen.storyboard; sourceTree = "<group>"; };
		FB8DC36B2059792400A67A85 /* Info.plist */ = {isa = PBXFileReference; lastKnownFileType = text.plist.xml; path = Info.plist; sourceTree = "<group>"; };
		FB8DC3752059B24600A67A85 /* ViewController.swift */ = {isa = PBXFileReference; fileEncoding = 4; lastKnownFileType = sourcecode.swift; path = ViewController.swift; sourceTree = "<group>"; };
		FB8DC3762059B24600A67A85 /* MapViewController.swift */ = {isa = PBXFileReference; fileEncoding = 4; lastKnownFileType = sourcecode.swift; path = MapViewController.swift; sourceTree = "<group>"; };
/* End PBXFileReference section */

/* Begin PBXFrameworksBuildPhase section */
		FB8DC3592059792400A67A85 /* Frameworks */ = {
			isa = PBXFrameworksBuildPhase;
			buildActionMask = 2147483647;
			files = (
			);
			runOnlyForDeploymentPostprocessing = 0;
		};
/* End PBXFrameworksBuildPhase section */

/* Begin PBXGroup section */
		FB8DC3532059792400A67A85 = {
			isa = PBXGroup;
			children = (
				FB8DC35E2059792400A67A85 /* GeoCode */,
				FB8DC35D2059792400A67A85 /* Products */,
			);
			sourceTree = "<group>";
		};
		FB8DC35D2059792400A67A85 /* Products */ = {
			isa = PBXGroup;
			children = (
				FB8DC35C2059792400A67A85 /* GeoCode.app */,
			);
			name = Products;
			sourceTree = "<group>";
		};
		FB8DC35E2059792400A67A85 /* GeoCode */ = {
			isa = PBXGroup;
			children = (
				FB8DC35F2059792400A67A85 /* AppDelegate.swift */,
				FB8DC3732059B24600A67A85 /* Classes */,
				FB8DC3632059792400A67A85 /* Main.storyboard */,
				FB8DC3662059792400A67A85 /* Assets.xcassets */,
				FB8DC3682059792400A67A85 /* LaunchScreen.storyboard */,
				FB8DC36B2059792400A67A85 /* Info.plist */,
			);
			path = GeoCode;
			sourceTree = "<group>";
		};
		FB8DC3732059B24600A67A85 /* Classes */ = {
			isa = PBXGroup;
			children = (
				FB8DC3742059B24600A67A85 /* ViewControlers */,
			);
			path = Classes;
			sourceTree = "<group>";
		};
		FB8DC3742059B24600A67A85 /* ViewControlers */ = {
			isa = PBXGroup;
			children = (
				FB8DC3752059B24600A67A85 /* ViewController.swift */,
				FB8DC3762059B24600A67A85 /* MapViewController.swift */,
			);
			path = ViewControlers;
			sourceTree = "<group>";
		};
/* End PBXGroup section */

/* Begin PBXNativeTarget section */
		FB8DC35B2059792400A67A85 /* GeoCode */ = {
			isa = PBXNativeTarget;
			buildConfigurationList = FB8DC36E2059792400A67A85 /* Build configuration list for PBXNativeTarget "GeoCode" */;
			buildPhases = (
				FB8DC3582059792400A67A85 /* Sources */,
				FB8DC3592059792400A67A85 /* Frameworks */,
				FB8DC35A2059792400A67A85 /* Resources */,
			);
			buildRules = (
			);
			dependencies = (
			);
			name = GeoCode;
			productName = GeoCode;
			productReference = FB8DC35C2059792400A67A85 /* GeoCode.app */;
			productType = "com.apple.product-type.application";
		};
/* End PBXNativeTarget section */

/* Begin PBXProject section */
		FB8DC3542059792400A67A85 /* Project object */ = {
			isa = PBXProject;
			attributes = {
				LastSwiftUpdateCheck = 0920;
				LastUpgradeCheck = 0920;
				ORGANIZATIONNAME = "Backlin,Gene";
				TargetAttributes = {
					FB8DC35B2059792400A67A85 = {
						CreatedOnToolsVersion = 9.2;
						ProvisioningStyle = Automatic;
					};
				};
			};
			buildConfigurationList = FB8DC3572059792400A67A85 /* Build configuration list for PBXProject "GeoCode" */;
			compatibilityVersion = "Xcode 8.0";
			developmentRegion = en;
			hasScannedForEncodings = 0;
			knownRegions = (
				en,
				Base,
			);
			mainGroup = FB8DC3532059792400A67A85;
			productRefGroup = FB8DC35D2059792400A67A85 /* Products */;
			projectDirPath = "";
			projectRoot = "";
			targets = (
				FB8DC35B2059792400A67A85 /* GeoCode */,
			);
		};
/* End PBXProject section */

/* Begin PBXResourcesBuildPhase section */
		FB8DC35A2059792400A67A85 /* Resources */ = {
			isa = PBXResourcesBuildPhase;
			buildActionMask = 2147483647;
			files = (
				FB8DC36A2059792400A67A85 /* LaunchScreen.storyboard in Resources */,
				FB8DC3672059792400A67A85 /* Assets.xcassets in Resources */,
				FB8DC3652059792400A67A85 /* Main.storyboard in Resources */,
			);
			runOnlyForDeploymentPostprocessing = 0;
		};
/* End PBXResourcesBuildPhase section */

/* Begin PBXSourcesBuildPhase section */
		FB8DC3582059792400A67A85 /* Sources */ = {
			isa = PBXSourcesBuildPhase;
			buildActionMask = 2147483647;
			files = (
				FB8DC3772059B24700A67A85 /* ViewController.swift in Sources */,
				FB8DC3782059B24700A67A85 /* MapViewController.swift in Sources */,
				FB8DC3602059792400A67A85 /* AppDelegate.swift in Sources */,
			);
			runOnlyForDeploymentPostprocessing = 0;
		};
/* End PBXSourcesBuildPhase section */

/* Begin PBXVariantGroup section */
		FB8DC3632059792400A67A85 /* Main.storyboard */ = {
			isa = PBXVariantGroup;
			children = (
				FB8DC3642059792400A67A85 /* Base */,
			);
			name = Main.storyboard;
			sourceTree = "<group>";
		};
		FB8DC3682059792400A67A85 /* LaunchScreen.storyboard */ = {
			isa = PBXVariantGroup;
			children = (
				FB8DC3692059792400A67A85 /* Base */,
			);
			name = LaunchScreen.storyboard;
			sourceTree = "<group>";
		};
/* End PBXVariantGroup section */

/* Begin XCBuildConfiguration section */
		FB8DC36C2059792400A67A85 /* Debug */ = {
			isa = XCBuildConfiguration;
			buildSettings = {
				ALWAYS_SEARCH_USER_PATHS = NO;
				CLANG_ANALYZER_NONNULL = YES;
				CLANG_ANALYZER_NUMBER_OBJECT_CONVERSION = YES_AGGRESSIVE;
				CLANG_CXX_LANGUAGE_STANDARD = "gnu++14";
				CLANG_CXX_LIBRARY = "libc++";
				CLANG_ENABLE_MODULES = YES;
				CLANG_ENABLE_OBJC_ARC = YES;
				CLANG_WARN_BLOCK_CAPTURE_AUTORELEASING = YES;
				CLANG_WARN_BOOL_CONVERSION = YES;
				CLANG_WARN_COMMA = YES;
				CLANG_WARN_CONSTANT_CONVERSION = YES;
				CLANG_WARN_DIRECT_OBJC_ISA_USAGE = YES_ERROR;
				CLANG_WARN_DOCUMENTATION_COMMENTS = YES;
				CLANG_WARN_EMPTY_BODY = YES;
				CLANG_WARN_ENUM_CONVERSION = YES;
				CLANG_WARN_INFINITE_RECURSION = YES;
				CLANG_WARN_INT_CONVERSION = YES;
				CLANG_WARN_NON_LITERAL_NULL_CONVERSION = YES;
				CLANG_WARN_OBJC_LITERAL_CONVERSION = YES;
				CLANG_WARN_OBJC_ROOT_CLASS = YES_ERROR;
				CLANG_WARN_RANGE_LOOP_ANALYSIS = YES;
				CLANG_WARN_STRICT_PROTOTYPES = YES;
				CLANG_WARN_SUSPICIOUS_MOVE = YES;
				CLANG_WARN_UNGUARDED_AVAILABILITY = YES_AGGRESSIVE;
				CLANG_WARN_UNREACHABLE_CODE = YES;
				CLANG_WARN__DUPLICATE_METHOD_MATCH = YES;
				CODE_SIGN_IDENTITY = "iPhone Developer";
				COPY_PHASE_STRIP = NO;
				DEBUG_INFORMATION_FORMAT = dwarf;
				ENABLE_STRICT_OBJC_MSGSEND = YES;
				ENABLE_TESTABILITY = YES;
				GCC_C_LANGUAGE_STANDARD = gnu11;
				GCC_DYNAMIC_NO_PIC = NO;
				GCC_NO_COMMON_BLOCKS = YES;
				GCC_OPTIMIZATION_LEVEL = 0;
				GCC_PREPROCESSOR_DEFINITIONS = (
					"DEBUG=1",
					"$(inherited)",
				);
				GCC_WARN_64_TO_32_BIT_CONVERSION = YES;
				GCC_WARN_ABOUT_RETURN_TYPE = YES_ERROR;
				GCC_WARN_UNDECLARED_SELECTOR = YES;
				GCC_WARN_UNINITIALIZED_AUTOS = YES_AGGRESSIVE;
				GCC_WARN_UNUSED_FUNCTION = YES;
				GCC_WARN_UNUSED_VARIABLE = YES;
				IPHONEOS_DEPLOYMENT_TARGET = 11.2;
				MTL_ENABLE_DEBUG_INFO = YES;
				ONLY_ACTIVE_ARCH = YES;
				SDKROOT = iphoneos;
				SWIFT_ACTIVE_COMPILATION_CONDITIONS = DEBUG;
				SWIFT_OPTIMIZATION_LEVEL = "-Onone";
			};
			name = Debug;
		};
		FB8DC36D2059792400A67A85 /* Release */ = {
			isa = XCBuildConfiguration;
			buildSettings = {
				ALWAYS_SEARCH_USER_PATHS = NO;
				CLANG_ANALYZER_NONNULL = YES;
				CLANG_ANALYZER_NUMBER_OBJECT_CONVERSION = YES_AGGRESSIVE;
				CLANG_CXX_LANGUAGE_STANDARD = "gnu++14";
				CLANG_CXX_LIBRARY = "libc++";
				CLANG_ENABLE_MODULES = YES;
				CLANG_ENABLE_OBJC_ARC = YES;
				CLANG_WARN_BLOCK_CAPTURE_AUTORELEASING = YES;
				CLANG_WARN_BOOL_CONVERSION = YES;
				CLANG_WARN_COMMA = YES;
				CLANG_WARN_CONSTANT_CONVERSION = YES;
				CLANG_WARN_DIRECT_OBJC_ISA_USAGE = YES_ERROR;
				CLANG_WARN_DOCUMENTATION_COMMENTS = YES;
				CLANG_WARN_EMPTY_BODY = YES;
				CLANG_WARN_ENUM_CONVERSION = YES;
				CLANG_WARN_INFINITE_RECURSION = YES;
				CLANG_WARN_INT_CONVERSION = YES;
				CLANG_WARN_NON_LITERAL_NULL_CONVERSION = YES;
				CLANG_WARN_OBJC_LITERAL_CONVERSION = YES;
				CLANG_WARN_OBJC_ROOT_CLASS = YES_ERROR;
				CLANG_WARN_RANGE_LOOP_ANALYSIS = YES;
				CLANG_WARN_STRICT_PROTOTYPES = YES;
				CLANG_WARN_SUSPICIOUS_MOVE = YES;
				CLANG_WARN_UNGUARDED_AVAILABILITY = YES_AGGRESSIVE;
				CLANG_WARN_UNREACHABLE_CODE = YES;
				CLANG_WARN__DUPLICATE_METHOD_MATCH = YES;
				CODE_SIGN_IDENTITY = "iPhone Developer";
				COPY_PHASE_STRIP = NO;
				DEBUG_INFORMATION_FORMAT = "dwarf-with-dsym";
				ENABLE_NS_ASSERTIONS = NO;
				ENABLE_STRICT_OBJC_MSGSEND = YES;
				GCC_C_LANGUAGE_STANDARD = gnu11;
				GCC_NO_COMMON_BLOCKS = YES;
				GCC_WARN_64_TO_32_BIT_CONVERSION = YES;
				GCC_WARN_ABOUT_RETURN_TYPE = YES_ERROR;
				GCC_WARN_UNDECLARED_SELECTOR = YES;
				GCC_WARN_UNINITIALIZED_AUTOS = YES_AGGRESSIVE;
				GCC_WARN_UNUSED_FUNCTION = YES;
				GCC_WARN_UNUSED_VARIABLE = YES;
				IPHONEOS_DEPLOYMENT_TARGET = 11.2;
				MTL_ENABLE_DEBUG_INFO = NO;
				SDKROOT = iphoneos;
				SWIFT_OPTIMIZATION_LEVEL = "-Owholemodule";
				VALIDATE_PRODUCT = YES;
			};
			name = Release;
		};
		FB8DC36F2059792400A67A85 /* Debug */ = {
			isa = XCBuildConfiguration;
			buildSettings = {
				ASSETCATALOG_COMPILER_APPICON_NAME = AppIcon;
				CODE_SIGN_STYLE = Automatic;
				INFOPLIST_FILE = GeoCode/Info.plist;
				LD_RUNPATH_SEARCH_PATHS = "$(inherited) @executable_path/Frameworks";
				PRODUCT_BUNDLE_IDENTIFIER = com.mycompany.GeoCode;
				PRODUCT_NAME = "$(TARGET_NAME)";
				SWIFT_VERSION = 4.0;
				TARGETED_DEVICE_FAMILY = "1,2";
			};
			name = Debug;
		};
		FB8DC3702059792400A67A85 /* Release */ = {
			isa = XCBuildConfiguration;
			buildSettings = {
				ASSETCATALOG_COMPILER_APPICON_NAME = AppIcon;
				CODE_SIGN_STYLE = Automatic;
				INFOPLIST_FILE = GeoCode/Info.plist;
				LD_RUNPATH_SEARCH_PATHS = "$(inherited) @executable_path/Frameworks";
				PRODUCT_BUNDLE_IDENTIFIER = com.mycompany.GeoCode;
				PRODUCT_NAME = "$(TARGET_NAME)";
				SWIFT_VERSION = 4.0;
				TARGETED_DEVICE_FAMILY = "1,2";
			};
			name = Release;
		};
/* End XCBuildConfiguration section */

/* Begin XCConfigurationList section */
		FB8DC3572059792400A67A85 /* Build configuration list for PBXProject "GeoCode" */ = {
			isa = XCConfigurationList;
			buildConfigurations = (
				FB8DC36C2059792400A67A85 /* Debug */,
				FB8DC36D2059792400A67A85 /* Release */,
			);
			defaultConfigurationIsVisible = 0;
			defaultConfigurationName = Release;
		};
		FB8DC36E2059792400A67A85 /* Build configuration list for PBXNativeTarget "GeoCode" */ = {
			isa = XCConfigurationList;
			buildConfigurations = (
				FB8DC36F2059792400A67A85 /* Debug */,
				FB8DC3702059792400A67A85 /* Release */,
			);
			defaultConfigurationIsVisible = 0;
			defaultConfigurationName = Release;
		};
/* End XCConfigurationList section */
	};
	rootObject = FB8DC3542059792400A67A85 /* Project object */;
}
